
Microsoft Visual Studio Solution File, Format Version 12.00
Project("{2150E333-8FDC-42A3-9474-1A3956D46DE8}") = "Lab1", "Lab1", "{A912A67E-2ED8-4484-A7D4-84C09B29BD64}"
EndProject
Project("{FAE04EC0-301F-11D3-BF4B-00C04F79EFBC}") = "Task1", "lab1\Task1\Task1.csproj", "{62B227D3-5095-49E7-BD48-5D99E6C2905F}"
EndProject
Project("{FAE04EC0-301F-11D3-BF4B-00C04F79EFBC}") = "Task2", "lab1\Task2\Task2.csproj", "{3B299395-5C77-42B4-B57E-CD0D1357D21E}"
EndProject
Project("{FAE04EC0-301F-11D3-BF4B-00C04F79EFBC}") = "Lab1Tests", "lab1\Lab1Tests\Lab1Tests.csproj", "{29F0510F-AF96-43E0-9FFC-80167F1E0A37}"
EndProject
Project("{2150E333-8FDC-42A3-9474-1A3956D46DE8}") = "Lab2", "Lab2", "{B87837FA-2892-41D3-AD64-5404C0EA598F}"
EndProject
Project("{FAE04EC0-301F-11D3-BF4B-00C04F79EFBC}") = "Lab2", "Lab2\Lab2.csproj", "{C9FCB231-9F03-462E-AF8F-0903E385B757}"
EndProject
Project("{2150E333-8FDC-42A3-9474-1A3956D46DE8}") = "TestsLabs2-5", "TestsLabs2-5", "{DC5E0ED7-42CA-46C2-B665-8EC534121383}"
EndProject
Project("{FAE04EC0-301F-11D3-BF4B-00C04F79EFBC}") = "Lab2.Tests", "Lab2.Tests\Lab2.Tests.csproj", "{F867FCE4-EB62-41CE-BD6C-645BD157731B}"
EndProject
Project("{2150E333-8FDC-42A3-9474-1A3956D46DE8}") = "Lab3", "Lab3", "{77AF803F-121E-4E4C-8066-E9AC1490BE1E}"
EndProject
Project("{FAE04EC0-301F-11D3-BF4B-00C04F79EFBC}") = "Lab3", "Lab3\Lab3.csproj", "{F06596F6-F6E1-4718-81F7-0EAC3EC97C67}"
EndProject
Global
	GlobalSection(SolutionConfigurationPlatforms) = preSolution
		Debug|Any CPU = Debug|Any CPU
		Release|Any CPU = Release|Any CPU
	EndGlobalSection
	GlobalSection(ProjectConfigurationPlatforms) = postSolution
		{62B227D3-5095-49E7-BD48-5D99E6C2905F}.Debug|Any CPU.ActiveCfg = Debug|Any CPU
		{62B227D3-5095-49E7-BD48-5D99E6C2905F}.Debug|Any CPU.Build.0 = Debug|Any CPU
		{62B227D3-5095-49E7-BD48-5D99E6C2905F}.Release|Any CPU.ActiveCfg = Release|Any CPU
		{62B227D3-5095-49E7-BD48-5D99E6C2905F}.Release|Any CPU.Build.0 = Release|Any CPU
		{3B299395-5C77-42B4-B57E-CD0D1357D21E}.Debug|Any CPU.ActiveCfg = Debug|Any CPU
		{3B299395-5C77-42B4-B57E-CD0D1357D21E}.Debug|Any CPU.Build.0 = Debug|Any CPU
		{3B299395-5C77-42B4-B57E-CD0D1357D21E}.Release|Any CPU.ActiveCfg = Release|Any CPU
		{3B299395-5C77-42B4-B57E-CD0D1357D21E}.Release|Any CPU.Build.0 = Release|Any CPU
		{29F0510F-AF96-43E0-9FFC-80167F1E0A37}.Debug|Any CPU.ActiveCfg = Debug|Any CPU
		{29F0510F-AF96-43E0-9FFC-80167F1E0A37}.Debug|Any CPU.Build.0 = Debug|Any CPU
		{29F0510F-AF96-43E0-9FFC-80167F1E0A37}.Release|Any CPU.ActiveCfg = Release|Any CPU
		{29F0510F-AF96-43E0-9FFC-80167F1E0A37}.Release|Any CPU.Build.0 = Release|Any CPU
		{C9FCB231-9F03-462E-AF8F-0903E385B757}.Debug|Any CPU.ActiveCfg = Debug|Any CPU
		{C9FCB231-9F03-462E-AF8F-0903E385B757}.Debug|Any CPU.Build.0 = Debug|Any CPU
		{C9FCB231-9F03-462E-AF8F-0903E385B757}.Release|Any CPU.ActiveCfg = Release|Any CPU
		{C9FCB231-9F03-462E-AF8F-0903E385B757}.Release|Any CPU.Build.0 = Release|Any CPU
		{F867FCE4-EB62-41CE-BD6C-645BD157731B}.Debug|Any CPU.ActiveCfg = Debug|Any CPU
		{F867FCE4-EB62-41CE-BD6C-645BD157731B}.Debug|Any CPU.Build.0 = Debug|Any CPU
		{F867FCE4-EB62-41CE-BD6C-645BD157731B}.Release|Any CPU.ActiveCfg = Release|Any CPU
		{F867FCE4-EB62-41CE-BD6C-645BD157731B}.Release|Any CPU.Build.0 = Release|Any CPU
		{F06596F6-F6E1-4718-81F7-0EAC3EC97C67}.Debug|Any CPU.ActiveCfg = Debug|Any CPU
		{F06596F6-F6E1-4718-81F7-0EAC3EC97C67}.Debug|Any CPU.Build.0 = Debug|Any CPU
		{F06596F6-F6E1-4718-81F7-0EAC3EC97C67}.Release|Any CPU.ActiveCfg = Release|Any CPU
		{F06596F6-F6E1-4718-81F7-0EAC3EC97C67}.Release|Any CPU.Build.0 = Release|Any CPU
	EndGlobalSection
	GlobalSection(NestedProjects) = preSolution
		{62B227D3-5095-49E7-BD48-5D99E6C2905F} = {A912A67E-2ED8-4484-A7D4-84C09B29BD64}
		{3B299395-5C77-42B4-B57E-CD0D1357D21E} = {A912A67E-2ED8-4484-A7D4-84C09B29BD64}
		{29F0510F-AF96-43E0-9FFC-80167F1E0A37} = {A912A67E-2ED8-4484-A7D4-84C09B29BD64}
		{C9FCB231-9F03-462E-AF8F-0903E385B757} = {B87837FA-2892-41D3-AD64-5404C0EA598F}
		{F867FCE4-EB62-41CE-BD6C-645BD157731B} = {DC5E0ED7-42CA-46C2-B665-8EC534121383}
		{F06596F6-F6E1-4718-81F7-0EAC3EC97C67} = {77AF803F-121E-4E4C-8066-E9AC1490BE1E}
	EndGlobalSection
EndGlobal
