
Microsoft Visual Studio Solution File, Format Version 12.00
Project("{FAE04EC0-301F-11D3-BF4B-00C04F79EFBC}") = "lab2", "lab2\lab2.csproj", "{B6D1BD87-0AFE-4CEF-8B99-4814901CFB76}"
EndProject
Project("{2150E333-8FDC-42A3-9474-1A3956D46DE8}") = "Lab1", "Lab1", "{A912A67E-2ED8-4484-A7D4-84C09B29BD64}"
EndProject
Project("{FAE04EC0-301F-11D3-BF4B-00C04F79EFBC}") = "Task1", "lab1\Task1\Task1.csproj", "{62B227D3-5095-49E7-BD48-5D99E6C2905F}"
EndProject
Project("{FAE04EC0-301F-11D3-BF4B-00C04F79EFBC}") = "Task2", "lab1\Task2\Task2.csproj", "{3B299395-5C77-42B4-B57E-CD0D1357D21E}"
EndProject
Global
	GlobalSection(SolutionConfigurationPlatforms) = preSolution
		Debug|Any CPU = Debug|Any CPU
		Release|Any CPU = Release|Any CPU
	EndGlobalSection
	GlobalSection(ProjectConfigurationPlatforms) = postSolution
		{B6D1BD87-0AFE-4CEF-8B99-4814901CFB76}.Debug|Any CPU.ActiveCfg = Debug|Any CPU
		{B6D1BD87-0AFE-4CEF-8B99-4814901CFB76}.Debug|Any CPU.Build.0 = Debug|Any CPU
		{B6D1BD87-0AFE-4CEF-8B99-4814901CFB76}.Release|Any CPU.ActiveCfg = Release|Any CPU
		{B6D1BD87-0AFE-4CEF-8B99-4814901CFB76}.Release|Any CPU.Build.0 = Release|Any CPU
		{62B227D3-5095-49E7-BD48-5D99E6C2905F}.Debug|Any CPU.ActiveCfg = Debug|Any CPU
		{62B227D3-5095-49E7-BD48-5D99E6C2905F}.Debug|Any CPU.Build.0 = Debug|Any CPU
		{62B227D3-5095-49E7-BD48-5D99E6C2905F}.Release|Any CPU.ActiveCfg = Release|Any CPU
		{62B227D3-5095-49E7-BD48-5D99E6C2905F}.Release|Any CPU.Build.0 = Release|Any CPU
		{3B299395-5C77-42B4-B57E-CD0D1357D21E}.Debug|Any CPU.ActiveCfg = Debug|Any CPU
		{3B299395-5C77-42B4-B57E-CD0D1357D21E}.Debug|Any CPU.Build.0 = Debug|Any CPU
		{3B299395-5C77-42B4-B57E-CD0D1357D21E}.Release|Any CPU.ActiveCfg = Release|Any CPU
		{3B299395-5C77-42B4-B57E-CD0D1357D21E}.Release|Any CPU.Build.0 = Release|Any CPU
	EndGlobalSection
	GlobalSection(NestedProjects) = preSolution
		{62B227D3-5095-49E7-BD48-5D99E6C2905F} = {A912A67E-2ED8-4484-A7D4-84C09B29BD64}
		{3B299395-5C77-42B4-B57E-CD0D1357D21E} = {A912A67E-2ED8-4484-A7D4-84C09B29BD64}
	EndGlobalSection
EndGlobal
